
Microsoft Visual Studio Solution File, Format Version 12.00
# Visual Studio Version 17
VisualStudioVersion = 17.7.34003.232
MinimumVisualStudioVersion = 10.0.40219.1
Project("{9A19103F-16F7-4668-BE54-9A1E7A4F7556}") = "Apprendre_c#", "Apprendre_c#\Apprendre_c#.csproj", "{18A985EB-A6AA-4D92-A9BF-139DA40EF99E}"
EndProject
Project("{9A19103F-16F7-4668-BE54-9A1E7A4F7556}") = "HarryPotter.Games.UI.Console", "HarryPotter.Games.UI.Console\HarryPotter.Games.UI.Console.csproj", "{40440EFD-F991-458F-B79C-9FD0F3087C99}"
EndProject
Project("{9A19103F-16F7-4668-BE54-9A1E7A4F7556}") = "HarryPotter.Games.UI.Console2", "HarryPotter.Games.UI.Console2\HarryPotter.Games.UI.Console2.csproj", "{443FC2E7-B7E6-4F00-B6A8-2DD91F4366D4}"
EndProject
Global
	GlobalSection(SolutionConfigurationPlatforms) = preSolution
		Debug|Any CPU = Debug|Any CPU
		Release|Any CPU = Release|Any CPU
	EndGlobalSection
	GlobalSection(ProjectConfigurationPlatforms) = postSolution
		{18A985EB-A6AA-4D92-A9BF-139DA40EF99E}.Debug|Any CPU.ActiveCfg = Debug|Any CPU
		{18A985EB-A6AA-4D92-A9BF-139DA40EF99E}.Debug|Any CPU.Build.0 = Debug|Any CPU
		{18A985EB-A6AA-4D92-A9BF-139DA40EF99E}.Release|Any CPU.ActiveCfg = Release|Any CPU
		{18A985EB-A6AA-4D92-A9BF-139DA40EF99E}.Release|Any CPU.Build.0 = Release|Any CPU
		{40440EFD-F991-458F-B79C-9FD0F3087C99}.Debug|Any CPU.ActiveCfg = Debug|Any CPU
		{40440EFD-F991-458F-B79C-9FD0F3087C99}.Debug|Any CPU.Build.0 = Debug|Any CPU
		{40440EFD-F991-458F-B79C-9FD0F3087C99}.Release|Any CPU.ActiveCfg = Release|Any CPU
		{40440EFD-F991-458F-B79C-9FD0F3087C99}.Release|Any CPU.Build.0 = Release|Any CPU
		{443FC2E7-B7E6-4F00-B6A8-2DD91F4366D4}.Debug|Any CPU.ActiveCfg = Debug|Any CPU
		{443FC2E7-B7E6-4F00-B6A8-2DD91F4366D4}.Debug|Any CPU.Build.0 = Debug|Any CPU
		{443FC2E7-B7E6-4F00-B6A8-2DD91F4366D4}.Release|Any CPU.ActiveCfg = Release|Any CPU
		{443FC2E7-B7E6-4F00-B6A8-2DD91F4366D4}.Release|Any CPU.Build.0 = Release|Any CPU
	EndGlobalSection
	GlobalSection(SolutionProperties) = preSolution
		HideSolutionNode = FALSE
	EndGlobalSection
	GlobalSection(ExtensibilityGlobals) = postSolution
		SolutionGuid = {1A2F0A14-0067-467E-9065-18A4B7229F2E}
	EndGlobalSection
EndGlobal
